Microsoft Visual Studio Solution File, Format Version 12.00
# Visual Studio 2012
Project("{FAE04EC0-301F-11D3-BF4B-00C04F79EFBC}") = "JeuxSnake", "JeuxSnake.csproj", "{E47E93A1-F77E-44A0-9FF0-D77F9D117E80}"
EndProject
Global
	GlobalSection(SolutionConfigurationPlatforms) = preSolution
	Debug|Any CPU = Debug|Any CPU
	ExportDebug|Any CPU = ExportDebug|Any CPU
	ExportRelease|Any CPU = ExportRelease|Any CPU
	EndGlobalSection
	GlobalSection(ProjectConfigurationPlatforms) = postSolution
		{E47E93A1-F77E-44A0-9FF0-D77F9D117E80}.Debug|Any CPU.ActiveCfg = Debug|Any CPU
		{E47E93A1-F77E-44A0-9FF0-D77F9D117E80}.Debug|Any CPU.Build.0 = Debug|Any CPU
		{E47E93A1-F77E-44A0-9FF0-D77F9D117E80}.ExportDebug|Any CPU.ActiveCfg = ExportDebug|Any CPU
		{E47E93A1-F77E-44A0-9FF0-D77F9D117E80}.ExportDebug|Any CPU.Build.0 = ExportDebug|Any CPU
		{E47E93A1-F77E-44A0-9FF0-D77F9D117E80}.ExportRelease|Any CPU.ActiveCfg = ExportRelease|Any CPU
		{E47E93A1-F77E-44A0-9FF0-D77F9D117E80}.ExportRelease|Any CPU.Build.0 = ExportRelease|Any CPU
	EndGlobalSection
EndGlobal
